// !$*UTF8*$!
{
	archiveVersion = 1;
	classes = {
	};
	objectVersion = 56;
	objects = {

/* Begin PBXBuildFile section */
		5AFDDEC52BFBE58300099ED5 /* lifecounterv2App.swift in Sources */ = {isa = PBXBuildFile; fileRef = 5AFDDEC42BFBE58300099ED5 /* lifecounterv2App.swift */; };
		5AFDDEC72BFBE58300099ED5 /* ContentView.swift in Sources */ = {isa = PBXBuildFile; fileRef = 5AFDDEC62BFBE58300099ED5 /* ContentView.swift */; };
		5AFDDEC92BFBE58800099ED5 /* Assets.xcassets in Resources */ = {isa = PBXBuildFile; fileRef = 5AFDDEC82BFBE58800099ED5 /* Assets.xcassets */; };
		5AFDDECC2BFBE58800099ED5 /* Preview Assets.xcassets in Resources */ = {isa = PBXBuildFile; fileRef = 5AFDDECB2BFBE58800099ED5 /* Preview Assets.xcassets */; };
		5AFDDED62BFBE58900099ED5 /* lifecounterv2Tests.swift in Sources */ = {isa = PBXBuildFile; fileRef = 5AFDDED52BFBE58900099ED5 /* lifecounterv2Tests.swift */; };
		5AFDDEE02BFBE58900099ED5 /* lifecounterv2UITests.swift in Sources */ = {isa = PBXBuildFile; fileRef = 5AFDDEDF2BFBE58900099ED5 /* lifecounterv2UITests.swift */; };
		5AFDDEE22BFBE58900099ED5 /* lifecounterv2UITestsLaunchTests.swift in Sources */ = {isa = PBXBuildFile; fileRef = 5AFDDEE12BFBE58900099ED5 /* lifecounterv2UITestsLaunchTests.swift */; };
/* End PBXBuildFile section */

/* Begin PBXContainerItemProxy section */
		5AFDDED22BFBE58900099ED5 /* PBXContainerItemProxy */ = {
			isa = PBXContainerItemProxy;
			containerPortal = 5AFDDEB92BFBE58300099ED5 /* Project object */;
			proxyType = 1;
			remoteGlobalIDString = 5AFDDEC02BFBE58300099ED5;
			remoteInfo = lifecounterv2;
		};
		5AFDDEDC2BFBE58900099ED5 /* PBXContainerItemProxy */ = {
			isa = PBXContainerItemProxy;
			containerPortal = 5AFDDEB92BFBE58300099ED5 /* Project object */;
			proxyType = 1;
			remoteGlobalIDString = 5AFDDEC02BFBE58300099ED5;
			remoteInfo = lifecounterv2;
		};
/* End PBXContainerItemProxy section */

/* Begin PBXFileReference section */
		5AFDDEC12BFBE58300099ED5 /* lifecounterv2.app */ = {isa = PBXFileReference; explicitFileType = wrapper.application; includeInIndex = 0; path = lifecounterv2.app; sourceTree = BUILT_PRODUCTS_DIR; };
		5AFDDEC42BFBE58300099ED5 /* lifecounterv2App.swift */ = {isa = PBXFileReference; lastKnownFileType = sourcecode.swift; path = lifecounterv2App.swift; sourceTree = "<group>"; };
		5AFDDEC62BFBE58300099ED5 /* ContentView.swift */ = {isa = PBXFileReference; lastKnownFileType = sourcecode.swift; path = ContentView.swift; sourceTree = "<group>"; };
		5AFDDEC82BFBE58800099ED5 /* Assets.xcassets */ = {isa = PBXFileReference; lastKnownFileType = folder.assetcatalog; path = Assets.xcassets; sourceTree = "<group>"; };
		5AFDDECB2BFBE58800099ED5 /* Preview Assets.xcassets */ = {isa = PBXFileReference; lastKnownFileType = folder.assetcatalog; path = "Preview Assets.xcassets"; sourceTree = "<group>"; };
		5AFDDED12BFBE58900099ED5 /* lifecounterv2Tests.xctest */ = {isa = PBXFileReference; explicitFileType = wrapper.cfbundle; includeInIndex = 0; path = lifecounterv2Tests.xctest; sourceTree = BUILT_PRODUCTS_DIR; };
		5AFDDED52BFBE58900099ED5 /* lifecounterv2Tests.swift */ = {isa = PBXFileReference; lastKnownFileType = sourcecode.swift; path = lifecounterv2Tests.swift; sourceTree = "<group>"; };
		5AFDDEDB2BFBE58900099ED5 /* lifecounterv2UITests.xctest */ = {isa = PBXFileReference; explicitFileType = wrapper.cfbundle; includeInIndex = 0; path = lifecounterv2UITests.xctest; sourceTree = BUILT_PRODUCTS_DIR; };
		5AFDDEDF2BFBE58900099ED5 /* lifecounterv2UITests.swift */ = {isa = PBXFileReference; lastKnownFileType = sourcecode.swift; path = lifecounterv2UITests.swift; sourceTree = "<group>"; };
		5AFDDEE12BFBE58900099ED5 /* lifecounterv2UITestsLaunchTests.swift */ = {isa = PBXFileReference; lastKnownFileType = sourcecode.swift; path = lifecounterv2UITestsLaunchTests.swift; sourceTree = "<group>"; };
/* End PBXFileReference section */

/* Begin PBXFrameworksBuildPhase section */
		5AFDDEBE2BFBE58300099ED5 /* Frameworks */ = {
			isa = PBXFrameworksBuildPhase;
			buildActionMask = 2147483647;
			files = (
			);
			runOnlyForDeploymentPostprocessing = 0;
		};
		5AFDDECE2BFBE58900099ED5 /* Frameworks */ = {
			isa = PBXFrameworksBuildPhase;
			buildActionMask = 2147483647;
			files = (
			);
			runOnlyForDeploymentPostprocessing = 0;
		};
		5AFDDED82BFBE58900099ED5 /* Frameworks */ = {
			isa = PBXFrameworksBuildPhase;
			buildActionMask = 2147483647;
			files = (
			);
			runOnlyForDeploymentPostprocessing = 0;
		};
/* End PBXFrameworksBuildPhase section */

/* Begin PBXGroup section */
		5AFDDEB82BFBE58300099ED5 = {
			isa = PBXGroup;
			children = (
				5AFDDEC32BFBE58300099ED5 /* lifecounterv2 */,
				5AFDDED42BFBE58900099ED5 /* lifecounterv2Tests */,
				5AFDDEDE2BFBE58900099ED5 /* lifecounterv2UITests */,
				5AFDDEC22BFBE58300099ED5 /* Products */,
			);
			sourceTree = "<group>";
		};
		5AFDDEC22BFBE58300099ED5 /* Products */ = {
			isa = PBXGroup;
			children = (
				5AFDDEC12BFBE58300099ED5 /* lifecounterv2.app */,
				5AFDDED12BFBE58900099ED5 /* lifecounterv2Tests.xctest */,
				5AFDDEDB2BFBE58900099ED5 /* lifecounterv2UITests.xctest */,
			);
			name = Products;
			sourceTree = "<group>";
		};
		5AFDDEC32BFBE58300099ED5 /* lifecounterv2 */ = {
			isa = PBXGroup;
			children = (
				5AFDDEC42BFBE58300099ED5 /* lifecounterv2App.swift */,
				5AFDDEC62BFBE58300099ED5 /* ContentView.swift */,
				5AFDDEC82BFBE58800099ED5 /* Assets.xcassets */,
				5AFDDECA2BFBE58800099ED5 /* Preview Content */,
			);
			path = lifecounterv2;
			sourceTree = "<group>";
		};
		5AFDDECA2BFBE58800099ED5 /* Preview Content */ = {
			isa = PBXGroup;
			children = (
				5AFDDECB2BFBE58800099ED5 /* Preview Assets.xcassets */,
			);
			path = "Preview Content";
			sourceTree = "<group>";
		};
		5AFDDED42BFBE58900099ED5 /* lifecounterv2Tests */ = {
			isa = PBXGroup;
			children = (
				5AFDDED52BFBE58900099ED5 /* lifecounterv2Tests.swift */,
			);
			path = lifecounterv2Tests;
			sourceTree = "<group>";
		};
		5AFDDEDE2BFBE58900099ED5 /* lifecounterv2UITests */ = {
			isa = PBXGroup;
			children = (
				5AFDDEDF2BFBE58900099ED5 /* lifecounterv2UITests.swift */,
				5AFDDEE12BFBE58900099ED5 /* lifecounterv2UITestsLaunchTests.swift */,
			);
			path = lifecounterv2UITests;
			sourceTree = "<group>";
		};
/* End PBXGroup section */

/* Begin PBXNativeTarget section */
		5AFDDEC02BFBE58300099ED5 /* lifecounterv2 */ = {
			isa = PBXNativeTarget;
			buildConfigurationList = 5AFDDEE52BFBE58900099ED5 /* Build configuration list for PBXNativeTarget "lifecounterv2" */;
			buildPhases = (
				5AFDDEBD2BFBE58300099ED5 /* Sources */,
				5AFDDEBE2BFBE58300099ED5 /* Frameworks */,
				5AFDDEBF2BFBE58300099ED5 /* Resources */,
			);
			buildRules = (
			);
			dependencies = (
			);
			name = lifecounterv2;
			productName = lifecounterv2;
			productReference = 5AFDDEC12BFBE58300099ED5 /* lifecounterv2.app */;
			productType = "com.apple.product-type.application";
		};
		5AFDDED02BFBE58900099ED5 /* lifecounterv2Tests */ = {
			isa = PBXNativeTarget;
			buildConfigurationList = 5AFDDEE82BFBE58900099ED5 /* Build configuration list for PBXNativeTarget "lifecounterv2Tests" */;
			buildPhases = (
				5AFDDECD2BFBE58900099ED5 /* Sources */,
				5AFDDECE2BFBE58900099ED5 /* Frameworks */,
				5AFDDECF2BFBE58900099ED5 /* Resources */,
			);
			buildRules = (
			);
			dependencies = (
				5AFDDED32BFBE58900099ED5 /* PBXTargetDependency */,
			);
			name = lifecounterv2Tests;
			productName = lifecounterv2Tests;
			productReference = 5AFDDED12BFBE58900099ED5 /* lifecounterv2Tests.xctest */;
			productType = "com.apple.product-type.bundle.unit-test";
		};
		5AFDDEDA2BFBE58900099ED5 /* lifecounterv2UITests */ = {
			isa = PBXNativeTarget;
			buildConfigurationList = 5AFDDEEB2BFBE58900099ED5 /* Build configuration list for PBXNativeTarget "lifecounterv2UITests" */;
			buildPhases = (
				5AFDDED72BFBE58900099ED5 /* Sources */,
				5AFDDED82BFBE58900099ED5 /* Frameworks */,
				5AFDDED92BFBE58900099ED5 /* Resources */,
			);
			buildRules = (
			);
			dependencies = (
				5AFDDEDD2BFBE58900099ED5 /* PBXTargetDependency */,
			);
			name = lifecounterv2UITests;
			productName = lifecounterv2UITests;
			productReference = 5AFDDEDB2BFBE58900099ED5 /* lifecounterv2UITests.xctest */;
			productType = "com.apple.product-type.bundle.ui-testing";
		};
/* End PBXNativeTarget section */

/* Begin PBXProject section */
		5AFDDEB92BFBE58300099ED5 /* Project object */ = {
			isa = PBXProject;
			attributes = {
				BuildIndependentTargetsInParallel = 1;
				LastSwiftUpdateCheck = 1540;
				LastUpgradeCheck = 1540;
				TargetAttributes = {
					5AFDDEC02BFBE58300099ED5 = {
						CreatedOnToolsVersion = 15.4;
					};
					5AFDDED02BFBE58900099ED5 = {
						CreatedOnToolsVersion = 15.4;
						TestTargetID = 5AFDDEC02BFBE58300099ED5;
					};
					5AFDDEDA2BFBE58900099ED5 = {
						CreatedOnToolsVersion = 15.4;
						TestTargetID = 5AFDDEC02BFBE58300099ED5;
					};
				};
			};
			buildConfigurationList = 5AFDDEBC2BFBE58300099ED5 /* Build configuration list for PBXProject "lifecounterv2" */;
			compatibilityVersion = "Xcode 14.0";
			developmentRegion = en;
			hasScannedForEncodings = 0;
			knownRegions = (
				en,
				Base,
			);
			mainGroup = 5AFDDEB82BFBE58300099ED5;
			productRefGroup = 5AFDDEC22BFBE58300099ED5 /* Products */;
			projectDirPath = "";
			projectRoot = "";
			targets = (
				5AFDDEC02BFBE58300099ED5 /* lifecounterv2 */,
				5AFDDED02BFBE58900099ED5 /* lifecounterv2Tests */,
				5AFDDEDA2BFBE58900099ED5 /* lifecounterv2UITests */,
			);
		};
/* End PBXProject section */

/* Begin PBXResourcesBuildPhase section */
		5AFDDEBF2BFBE58300099ED5 /* Resources */ = {
			isa = PBXResourcesBuildPhase;
			buildActionMask = 2147483647;
			files = (
				5AFDDECC2BFBE58800099ED5 /* Preview Assets.xcassets in Resources */,
				5AFDDEC92BFBE58800099ED5 /* Assets.xcassets in Resources */,
			);
			runOnlyForDeploymentPostprocessing = 0;
		};
		5AFDDECF2BFBE58900099ED5 /* Resources */ = {
			isa = PBXResourcesBuildPhase;
			buildActionMask = 2147483647;
			files = (
			);
			runOnlyForDeploymentPostprocessing = 0;
		};
		5AFDDED92BFBE58900099ED5 /* Resources */ = {
			isa = PBXResourcesBuildPhase;
			buildActionMask = 2147483647;
			files = (
			);
			runOnlyForDeploymentPostprocessing = 0;
		};
/* End PBXResourcesBuildPhase section */

/* Begin PBXSourcesBuildPhase section */
		5AFDDEBD2BFBE58300099ED5 /* Sources */ = {
			isa = PBXSourcesBuildPhase;
			buildActionMask = 2147483647;
			files = (
				5AFDDEC72BFBE58300099ED5 /* ContentView.swift in Sources */,
				5AFDDEC52BFBE58300099ED5 /* lifecounterv2App.swift in Sources */,
			);
			runOnlyForDeploymentPostprocessing = 0;
		};
		5AFDDECD2BFBE58900099ED5 /* Sources */ = {
			isa = PBXSourcesBuildPhase;
			buildActionMask = 2147483647;
			files = (
				5AFDDED62BFBE58900099ED5 /* lifecounterv2Tests.swift in Sources */,
			);
			runOnlyForDeploymentPostprocessing = 0;
		};
		5AFDDED72BFBE58900099ED5 /* Sources */ = {
			isa = PBXSourcesBuildPhase;
			buildActionMask = 2147483647;
			files = (
				5AFDDEE02BFBE58900099ED5 /* lifecounterv2UITests.swift in Sources */,
				5AFDDEE22BFBE58900099ED5 /* lifecounterv2UITestsLaunchTests.swift in Sources */,
			);
			runOnlyForDeploymentPostprocessing = 0;
		};
/* End PBXSourcesBuildPhase section */

/* Begin PBXTargetDependency section */
		5AFDDED32BFBE58900099ED5 /* PBXTargetDependency */ = {
			isa = PBXTargetDependency;
			target = 5AFDDEC02BFBE58300099ED5 /* lifecounterv2 */;
			targetProxy = 5AFDDED22BFBE58900099ED5 /* PBXContainerItemProxy */;
		};
		5AFDDEDD2BFBE58900099ED5 /* PBXTargetDependency */ = {
			isa = PBXTargetDependency;
			target = 5AFDDEC02BFBE58300099ED5 /* lifecounterv2 */;
			targetProxy = 5AFDDEDC2BFBE58900099ED5 /* PBXContainerItemProxy */;
		};
/* End PBXTargetDependency section */

/* Begin XCBuildConfiguration section */
		5AFDDEE32BFBE58900099ED5 /* Debug */ = {
			isa = XCBuildConfiguration;
			buildSettings = {
				ALWAYS_SEARCH_USER_PATHS = NO;
				ASSETCATALOG_COMPILER_GENERATE_SWIFT_ASSET_SYMBOL_EXTENSIONS = YES;
				CLANG_ANALYZER_NONNULL = YES;
				CLANG_ANALYZER_NUMBER_OBJECT_CONVERSION = YES_AGGRESSIVE;
				CLANG_CXX_LANGUAGE_STANDARD = "gnu++20";
				CLANG_ENABLE_MODULES = YES;
				CLANG_ENABLE_OBJC_ARC = YES;
				CLANG_ENABLE_OBJC_WEAK = YES;
				CLANG_WARN_BLOCK_CAPTURE_AUTORELEASING = YES;
				CLANG_WARN_BOOL_CONVERSION = YES;
				CLANG_WARN_COMMA = YES;
				CLANG_WARN_CONSTANT_CONVERSION = YES;
				CLANG_WARN_DEPRECATED_OBJC_IMPLEMENTATIONS = YES;
				CLANG_WARN_DIRECT_OBJC_ISA_USAGE = YES_ERROR;
				CLANG_WARN_DOCUMENTATION_COMMENTS = YES;
				CLANG_WARN_EMPTY_BODY = YES;
				CLANG_WARN_ENUM_CONVERSION = YES;
				CLANG_WARN_INFINITE_RECURSION = YES;
				CLANG_WARN_INT_CONVERSION = YES;
				CLANG_WARN_NON_LITERAL_NULL_CONVERSION = YES;
				CLANG_WARN_OBJC_IMPLICIT_RETAIN_SELF = YES;
				CLANG_WARN_OBJC_LITERAL_CONVERSION = YES;
				CLANG_WARN_OBJC_ROOT_CLASS = YES_ERROR;
				CLANG_WARN_QUOTED_INCLUDE_IN_FRAMEWORK_HEADER = YES;
				CLANG_WARN_RANGE_LOOP_ANALYSIS = YES;
				CLANG_WARN_STRICT_PROTOTYPES = YES;
				CLANG_WARN_SUSPICIOUS_MOVE = YES;
				CLANG_WARN_UNGUARDED_AVAILABILITY = YES_AGGRESSIVE;
				CLANG_WARN_UNREACHABLE_CODE = YES;
				CLANG_WARN__DUPLICATE_METHOD_MATCH = YES;
				COPY_PHASE_STRIP = NO;
				DEBUG_INFORMATION_FORMAT = dwarf;
				ENABLE_STRICT_OBJC_MSGSEND = YES;
				ENABLE_TESTABILITY = YES;
				ENABLE_USER_SCRIPT_SANDBOXING = YES;
				GCC_C_LANGUAGE_STANDARD = gnu17;
				GCC_DYNAMIC_NO_PIC = NO;
				GCC_NO_COMMON_BLOCKS = YES;
				GCC_OPTIMIZATION_LEVEL = 0;
				GCC_PREPROCESSOR_DEFINITIONS = (
					"DEBUG=1",
					"$(inherited)",
				);
				GCC_WARN_64_TO_32_BIT_CONVERSION = YES;
				GCC_WARN_ABOUT_RETURN_TYPE = YES_ERROR;
				GCC_WARN_UNDECLARED_SELECTOR = YES;
				GCC_WARN_UNINITIALIZED_AUTOS = YES_AGGRESSIVE;
				GCC_WARN_UNUSED_FUNCTION = YES;
				GCC_WARN_UNUSED_VARIABLE = YES;
				IPHONEOS_DEPLOYMENT_TARGET = 17.5;
				LOCALIZATION_PREFERS_STRING_CATALOGS = YES;
				MTL_ENABLE_DEBUG_INFO = INCLUDE_SOURCE;
				MTL_FAST_MATH = YES;
				ONLY_ACTIVE_ARCH = YES;
				SDKROOT = iphoneos;
				SWIFT_ACTIVE_COMPILATION_CONDITIONS = "DEBUG $(inherited)";
				SWIFT_OPTIMIZATION_LEVEL = "-Onone";
			};
			name = Debug;
		};
		5AFDDEE42BFBE58900099ED5 /* Release */ = {
			isa = XCBuildConfiguration;
			buildSettings = {
				ALWAYS_SEARCH_USER_PATHS = NO;
				ASSETCATALOG_COMPILER_GENERATE_SWIFT_ASSET_SYMBOL_EXTENSIONS = YES;
				CLANG_ANALYZER_NONNULL = YES;
				CLANG_ANALYZER_NUMBER_OBJECT_CONVERSION = YES_AGGRESSIVE;
				CLANG_CXX_LANGUAGE_STANDARD = "gnu++20";
				CLANG_ENABLE_MODULES = YES;
				CLANG_ENABLE_OBJC_ARC = YES;
				CLANG_ENABLE_OBJC_WEAK = YES;
				CLANG_WARN_BLOCK_CAPTURE_AUTORELEASING = YES;
				CLANG_WARN_BOOL_CONVERSION = YES;
				CLANG_WARN_COMMA = YES;
				CLANG_WARN_CONSTANT_CONVERSION = YES;
				CLANG_WARN_DEPRECATED_OBJC_IMPLEMENTATIONS = YES;
				CLANG_WARN_DIRECT_OBJC_ISA_USAGE = YES_ERROR;
				CLANG_WARN_DOCUMENTATION_COMMENTS = YES;
				CLANG_WARN_EMPTY_BODY = YES;
				CLANG_WARN_ENUM_CONVERSION = YES;
				CLANG_WARN_INFINITE_RECURSION = YES;
				CLANG_WARN_INT_CONVERSION = YES;
				CLANG_WARN_NON_LITERAL_NULL_CONVERSION = YES;
				CLANG_WARN_OBJC_IMPLICIT_RETAIN_SELF = YES;
				CLANG_WARN_OBJC_LITERAL_CONVERSION = YES;
				CLANG_WARN_OBJC_ROOT_CLASS = YES_ERROR;
				CLANG_WARN_QUOTED_INCLUDE_IN_FRAMEWORK_HEADER = YES;
				CLANG_WARN_RANGE_LOOP_ANALYSIS = YES;
				CLANG_WARN_STRICT_PROTOTYPES = YES;
				CLANG_WARN_SUSPICIOUS_MOVE = YES;
				CLANG_WARN_UNGUARDED_AVAILABILITY = YES_AGGRESSIVE;
				CLANG_WARN_UNREACHABLE_CODE = YES;
				CLANG_WARN__DUPLICATE_METHOD_MATCH = YES;
				COPY_PHASE_STRIP = NO;
				DEBUG_INFORMATION_FORMAT = "dwarf-with-dsym";
				ENABLE_NS_ASSERTIONS = NO;
				ENABLE_STRICT_OBJC_MSGSEND = YES;
				ENABLE_USER_SCRIPT_SANDBOXING = YES;
				GCC_C_LANGUAGE_STANDARD = gnu17;
				GCC_NO_COMMON_BLOCKS = YES;
				GCC_WARN_64_TO_32_BIT_CONVERSION = YES;
				GCC_WARN_ABOUT_RETURN_TYPE = YES_ERROR;
				GCC_WARN_UNDECLARED_SELECTOR = YES;
				GCC_WARN_UNINITIALIZED_AUTOS = YES_AGGRESSIVE;
				GCC_WARN_UNUSED_FUNCTION = YES;
				GCC_WARN_UNUSED_VARIABLE = YES;
				IPHONEOS_DEPLOYMENT_TARGET = 17.5;
				LOCALIZATION_PREFERS_STRING_CATALOGS = YES;
				MTL_ENABLE_DEBUG_INFO = NO;
				MTL_FAST_MATH = YES;
				SDKROOT = iphoneos;
				SWIFT_COMPILATION_MODE = wholemodule;
				VALIDATE_PRODUCT = YES;
			};
			name = Release;
		};
		5AFDDEE62BFBE58900099ED5 /* Debug */ = {
			isa = XCBuildConfiguration;
			buildSettings = {
				ASSETCATALOG_COMPILER_APPICON_NAME = AppIcon;
				ASSETCATALOG_COMPILER_GLOBAL_ACCENT_COLOR_NAME = AccentColor;
				CODE_SIGN_STYLE = Automatic;
				CURRENT_PROJECT_VERSION = 1;
				DEVELOPMENT_ASSET_PATHS = "\"lifecounterv2/Preview Content\"";
				DEVELOPMENT_TEAM = 4Z7N9JPT4T;
				ENABLE_PREVIEWS = YES;
				GENERATE_INFOPLIST_FILE = YES;
				INFOPLIST_KEY_UIApplicationSceneManifest_Generation = YES;
				INFOPLIST_KEY_UIApplicationSupportsIndirectInputEvents = YES;
				INFOPLIST_KEY_UILaunchScreen_Generation = YES;
				INFOPLIST_KEY_UISupportedInterfaceOrientations_iPad = "UIInterfaceOrientationPortrait UIInterfaceOrientationPortraitUpsideDown UIInterfaceOrientationLandscapeLeft UIInterfaceOrientationLandscapeRight";
				INFOPLIST_KEY_UISupportedInterfaceOrientations_iPhone = "UIInterfaceOrientationPortrait UIInterfaceOrientationLandscapeLeft UIInterfaceOrientationLandscapeRight";
				LD_RUNPATH_SEARCH_PATHS = (
					"$(inherited)",
					"@executable_path/Frameworks",
				);
				MARKETING_VERSION = 1.0;
				PRODUCT_BUNDLE_IDENTIFIER = "edu.uw.ischool.-dhamis-.lifecounterv2";
				PRODUCT_NAME = "$(TARGET_NAME)";
				SWIFT_EMIT_LOC_STRINGS = YES;
				SWIFT_VERSION = 5.0;
				TARGETED_DEVICE_FAMILY = "1,2";
			};
			name = Debug;
		};
		5AFDDEE72BFBE58900099ED5 /* Release */ = {
			isa = XCBuildConfiguration;
			buildSettings = {
				ASSETCATALOG_COMPILER_APPICON_NAME = AppIcon;
				ASSETCATALOG_COMPILER_GLOBAL_ACCENT_COLOR_NAME = AccentColor;
				CODE_SIGN_STYLE = Automatic;
				CURRENT_PROJECT_VERSION = 1;
				DEVELOPMENT_ASSET_PATHS = "\"lifecounterv2/Preview Content\"";
				DEVELOPMENT_TEAM = 4Z7N9JPT4T;
				ENABLE_PREVIEWS = YES;
				GENERATE_INFOPLIST_FILE = YES;
				INFOPLIST_KEY_UIApplicationSceneManifest_Generation = YES;
				INFOPLIST_KEY_UIApplicationSupportsIndirectInputEvents = YES;
				INFOPLIST_KEY_UILaunchScreen_Generation = YES;
				INFOPLIST_KEY_UISupportedInterfaceOrientations_iPad = "UIInterfaceOrientationPortrait UIInterfaceOrientationPortraitUpsideDown UIInterfaceOrientationLandscapeLeft UIInterfaceOrientationLandscapeRight";
				INFOPLIST_KEY_UISupportedInterfaceOrientations_iPhone = "UIInterfaceOrientationPortrait UIInterfaceOrientationLandscapeLeft UIInterfaceOrientationLandscapeRight";
				LD_RUNPATH_SEARCH_PATHS = (
					"$(inherited)",
					"@executable_path/Frameworks",
				);
				MARKETING_VERSION = 1.0;
				PRODUCT_BUNDLE_IDENTIFIER = "edu.uw.ischool.-dhamis-.lifecounterv2";
				PRODUCT_NAME = "$(TARGET_NAME)";
				SWIFT_EMIT_LOC_STRINGS = YES;
				SWIFT_VERSION = 5.0;
				TARGETED_DEVICE_FAMILY = "1,2";
			};
			name = Release;
		};
		5AFDDEE92BFBE58900099ED5 /* Debug */ = {
			isa = XCBuildConfiguration;
			buildSettings = {
				ALWAYS_EMBED_SWIFT_STANDARD_LIBRARIES = YES;
				BUNDLE_LOADER = "$(TEST_HOST)";
				CODE_SIGN_STYLE = Automatic;
				CURRENT_PROJECT_VERSION = 1;
				DEVELOPMENT_TEAM = 4Z7N9JPT4T;
				GENERATE_INFOPLIST_FILE = YES;
				IPHONEOS_DEPLOYMENT_TARGET = 17.5;
				MARKETING_VERSION = 1.0;
				PRODUCT_BUNDLE_IDENTIFIER = "edu.uw.ischool.-dhamis-.lifecounterv2Tests";
				PRODUCT_NAME = "$(TARGET_NAME)";
				SWIFT_EMIT_LOC_STRINGS = NO;
				SWIFT_VERSION = 5.0;
				TARGETED_DEVICE_FAMILY = "1,2";
				TEST_HOST = "$(BUILT_PRODUCTS_DIR)/lifecounterv2.app/$(BUNDLE_EXECUTABLE_FOLDER_PATH)/lifecounterv2";
			};
			name = Debug;
		};
		5AFDDEEA2BFBE58900099ED5 /* Release */ = {
			isa = XCBuildConfiguration;
			buildSettings = {
				ALWAYS_EMBED_SWIFT_STANDARD_LIBRARIES = YES;
				BUNDLE_LOADER = "$(TEST_HOST)";
				CODE_SIGN_STYLE = Automatic;
				CURRENT_PROJECT_VERSION = 1;
				DEVELOPMENT_TEAM = 4Z7N9JPT4T;
				GENERATE_INFOPLIST_FILE = YES;
				IPHONEOS_DEPLOYMENT_TARGET = 17.5;
				MARKETING_VERSION = 1.0;
				PRODUCT_BUNDLE_IDENTIFIER = "edu.uw.ischool.-dhamis-.lifecounterv2Tests";
				PRODUCT_NAME = "$(TARGET_NAME)";
				SWIFT_EMIT_LOC_STRINGS = NO;
				SWIFT_VERSION = 5.0;
				TARGETED_DEVICE_FAMILY = "1,2";
				TEST_HOST = "$(BUILT_PRODUCTS_DIR)/lifecounterv2.app/$(BUNDLE_EXECUTABLE_FOLDER_PATH)/lifecounterv2";
			};
			name = Release;
		};
		5AFDDEEC2BFBE58900099ED5 /* Debug */ = {
			isa = XCBuildConfiguration;
			buildSettings = {
				ALWAYS_EMBED_SWIFT_STANDARD_LIBRARIES = YES;
				CODE_SIGN_STYLE = Automatic;
				CURRENT_PROJECT_VERSION = 1;
				DEVELOPMENT_TEAM = 4Z7N9JPT4T;
				GENERATE_INFOPLIST_FILE = YES;
				MARKETING_VERSION = 1.0;
				PRODUCT_BUNDLE_IDENTIFIER = "edu.uw.ischool.-dhamis-.lifecounterv2UITests";
				PRODUCT_NAME = "$(TARGET_NAME)";
				SWIFT_EMIT_LOC_STRINGS = NO;
				SWIFT_VERSION = 5.0;
				TARGETED_DEVICE_FAMILY = "1,2";
				TEST_TARGET_NAME = lifecounterv2;
			};
			name = Debug;
		};
		5AFDDEED2BFBE58900099ED5 /* Release */ = {
			isa = XCBuildConfiguration;
			buildSettings = {
				ALWAYS_EMBED_SWIFT_STANDARD_LIBRARIES = YES;
				CODE_SIGN_STYLE = Automatic;
				CURRENT_PROJECT_VERSION = 1;
				DEVELOPMENT_TEAM = 4Z7N9JPT4T;
				GENERATE_INFOPLIST_FILE = YES;
				MARKETING_VERSION = 1.0;
				PRODUCT_BUNDLE_IDENTIFIER = "edu.uw.ischool.-dhamis-.lifecounterv2UITests";
				PRODUCT_NAME = "$(TARGET_NAME)";
				SWIFT_EMIT_LOC_STRINGS = NO;
				SWIFT_VERSION = 5.0;
				TARGETED_DEVICE_FAMILY = "1,2";
				TEST_TARGET_NAME = lifecounterv2;
			};
			name = Release;
		};
/* End XCBuildConfiguration section */

/* Begin XCConfigurationList section */
		5AFDDEBC2BFBE58300099ED5 /* Build configuration list for PBXProject "lifecounterv2" */ = {
			isa = XCConfigurationList;
			buildConfigurations = (
				5AFDDEE32BFBE58900099ED5 /* Debug */,
				5AFDDEE42BFBE58900099ED5 /* Release */,
			);
			defaultConfigurationIsVisible = 0;
			defaultConfigurationName = Release;
		};
		5AFDDEE52BFBE58900099ED5 /* Build configuration list for PBXNativeTarget "lifecounterv2" */ = {
			isa = XCConfigurationList;
			buildConfigurations = (
				5AFDDEE62BFBE58900099ED5 /* Debug */,
				5AFDDEE72BFBE58900099ED5 /* Release */,
			);
			defaultConfigurationIsVisible = 0;
			defaultConfigurationName = Release;
		};
		5AFDDEE82BFBE58900099ED5 /* Build configuration list for PBXNativeTarget "lifecounterv2Tests" */ = {
			isa = XCConfigurationList;
			buildConfigurations = (
				5AFDDEE92BFBE58900099ED5 /* Debug */,
				5AFDDEEA2BFBE58900099ED5 /* Release */,
			);
			defaultConfigurationIsVisible = 0;
			defaultConfigurationName = Release;
		};
		5AFDDEEB2BFBE58900099ED5 /* Build configuration list for PBXNativeTarget "lifecounterv2UITests" */ = {
			isa = XCConfigurationList;
			buildConfigurations = (
				5AFDDEEC2BFBE58900099ED5 /* Debug */,
				5AFDDEED2BFBE58900099ED5 /* Release */,
			);
			defaultConfigurationIsVisible = 0;
			defaultConfigurationName = Release;
		};
/* End XCConfigurationList section */
	};
	rootObject = 5AFDDEB92BFBE58300099ED5 /* Project object */;
}
